
Microsoft Visual Studio Solution File, Format Version 12.00
# Visual Studio Version 17
VisualStudioVersion = 17.14.36310.24 d17.14
MinimumVisualStudioVersion = 10.0.40219.1
Project("{FAE04EC0-301F-11D3-BF4B-00C04F79EFBC}") = "CeDev", "CeDev.csproj", "{FA9B64AA-60DE-4B36-9CCE-CCF6F2B3A3C9}"
EndProject
Global
	GlobalSection(SolutionConfigurationPlatforms) = preSolution
		Debug|Any CPU = Debug|Any CPU
		Release|Any CPU = Release|Any CPU
	EndGlobalSection
	GlobalSection(ProjectConfigurationPlatforms) = postSolution
		{FA9B64AA-60DE-4B36-9CCE-CCF6F2B3A3C9}.Debug|Any CPU.ActiveCfg = Debug|Any CPU
		{FA9B64AA-60DE-4B36-9CCE-CCF6F2B3A3C9}.Debug|Any CPU.Build.0 = Debug|Any CPU
		{FA9B64AA-60DE-4B36-9CCE-CCF6F2B3A3C9}.Release|Any CPU.ActiveCfg = Release|Any CPU
		{FA9B64AA-60DE-4B36-9CCE-CCF6F2B3A3C9}.Release|Any CPU.Build.0 = Release|Any CPU
	EndGlobalSection
	GlobalSection(SolutionProperties) = preSolution
		HideSolutionNode = FALSE
	EndGlobalSection
	GlobalSection(ExtensibilityGlobals) = postSolution
		SolutionGuid = {0B805AEC-6493-481F-AFAA-328B0946FCC3}
	EndGlobalSection
EndGlobal
